Microsoft Visual Studio Solution File, Format Version 8.00
Project("{8BC9CEB8-8B4A-11D0-8D11-00A0C91BC942}") = "lwjgl", "lwjgl.vcproj", "{F94B1F23-4B6C-4AC6-9C90-E37CBA7F0E62}"
	ProjectSection(ProjectDependencies) = postProject
	EndProjectSection
EndProject
Project("{8BC9CEB8-8B4A-11D0-8D11-00A0C91BC942}") = "lwjgl-fmod", "lwjgl-fmod.vcproj", "{E70435A1-9D52-4ECD-8839-C4FF5C23270E}"
	ProjectSection(ProjectDependencies) = postProject
	EndProjectSection
EndProject
Global
	GlobalSection(SolutionConfiguration) = preSolution
		Debug = Debug
		Release = Release
	EndGlobalSection
	GlobalSection(ProjectConfiguration) = postSolution
		{F94B1F23-4B6C-4AC6-9C90-E37CBA7F0E62}.Debug.ActiveCfg = Debug|Win32
		{F94B1F23-4B6C-4AC6-9C90-E37CBA7F0E62}.Debug.Build.0 = Debug|Win32
		{F94B1F23-4B6C-4AC6-9C90-E37CBA7F0E62}.Release.ActiveCfg = Release|Win32
		{F94B1F23-4B6C-4AC6-9C90-E37CBA7F0E62}.Release.Build.0 = Release|Win32
		{E70435A1-9D52-4ECD-8839-C4FF5C23270E}.Debug.ActiveCfg = Debug|Win32
		{E70435A1-9D52-4ECD-8839-C4FF5C23270E}.Debug.Build.0 = Debug|Win32
		{E70435A1-9D52-4ECD-8839-C4FF5C23270E}.Release.ActiveCfg = Release|Win32
		{E70435A1-9D52-4ECD-8839-C4FF5C23270E}.Release.Build.0 = Release|Win32
	EndGlobalSection
	GlobalSection(ExtensibilityGlobals) = postSolution
	EndGlobalSection
	GlobalSection(ExtensibilityAddIns) = postSolution
	EndGlobalSection
EndGlobal
